// !$*UTF8*$!
{
	archiveVersion = 1;
	classes = {
	};
	objectVersion = 56;
	objects = {

/* Begin PBXBuildFile section */
		3C1F31082A2382A000DC07D8 /* AppDelegate.swift in Sources */ = {isa = PBXBuildFile; fileRef = 3C1F31072A2382A000DC07D8 /* AppDelegate.swift */; };
		3C1F310A2A2382A000DC07D8 /* SceneDelegate.swift in Sources */ = {isa = PBXBuildFile; fileRef = 3C1F31092A2382A000DC07D8 /* SceneDelegate.swift */; };
		3C1F310C2A2382A000DC07D8 /* ViewController.swift in Sources */ = {isa = PBXBuildFile; fileRef = 3C1F310B2A2382A000DC07D8 /* ViewController.swift */; };
		3C1F310F2A2382A000DC07D8 /* Main.storyboard in Resources */ = {isa = PBXBuildFile; fileRef = 3C1F310D2A2382A000DC07D8 /* Main.storyboard */; };
		3C1F31142A2382A200DC07D8 /* Assets.xcassets in Resources */ = {isa = PBXBuildFile; fileRef = 3C1F31132A2382A200DC07D8 /* Assets.xcassets */; };
		3C1F31172A2382A200DC07D8 /* LaunchScreen.storyboard in Resources */ = {isa = PBXBuildFile; fileRef = 3C1F31152A2382A200DC07D8 /* LaunchScreen.storyboard */; };
		3C1F31222A2382A200DC07D8 /* Secim2023Tests.swift in Sources */ = {isa = PBXBuildFile; fileRef = 3C1F31212A2382A200DC07D8 /* Secim2023Tests.swift */; };
		3C1F312C2A2382A200DC07D8 /* Secim2023UITests.swift in Sources */ = {isa = PBXBuildFile; fileRef = 3C1F312B2A2382A200DC07D8 /* Secim2023UITests.swift */; };
		3C1F312E2A2382A200DC07D8 /* Secim2023UITestsLaunchTests.swift in Sources */ = {isa = PBXBuildFile; fileRef = 3C1F312D2A2382A200DC07D8 /* Secim2023UITestsLaunchTests.swift */; };
/* End PBXBuildFile section */

/* Begin PBXContainerItemProxy section */
		3C1F311E2A2382A200DC07D8 /* PBXContainerItemProxy */ = {
			isa = PBXContainerItemProxy;
			containerPortal = 3C1F30FC2A2382A000DC07D8 /* Project object */;
			proxyType = 1;
			remoteGlobalIDString = 3C1F31032A2382A000DC07D8;
			remoteInfo = Secim2023;
		};
		3C1F31282A2382A200DC07D8 /* PBXContainerItemProxy */ = {
			isa = PBXContainerItemProxy;
			containerPortal = 3C1F30FC2A2382A000DC07D8 /* Project object */;
			proxyType = 1;
			remoteGlobalIDString = 3C1F31032A2382A000DC07D8;
			remoteInfo = Secim2023;
		};
/* End PBXContainerItemProxy section */

/* Begin PBXFileReference section */
		3C1F31042A2382A000DC07D8 /* Secim2023.app */ = {isa = PBXFileReference; explicitFileType = wrapper.application; includeInIndex = 0; path = Secim2023.app; sourceTree = BUILT_PRODUCTS_DIR; };
		3C1F31072A2382A000DC07D8 /* AppDelegate.swift */ = {isa = PBXFileReference; lastKnownFileType = sourcecode.swift; path = AppDelegate.swift; sourceTree = "<group>"; };
		3C1F31092A2382A000DC07D8 /* SceneDelegate.swift */ = {isa = PBXFileReference; lastKnownFileType = sourcecode.swift; path = SceneDelegate.swift; sourceTree = "<group>"; };
		3C1F310B2A2382A000DC07D8 /* ViewController.swift */ = {isa = PBXFileReference; lastKnownFileType = sourcecode.swift; path = ViewController.swift; sourceTree = "<group>"; };
		3C1F310E2A2382A000DC07D8 /* Base */ = {isa = PBXFileReference; lastKnownFileType = file.storyboard; name = Base; path = Base.lproj/Main.storyboard; sourceTree = "<group>"; };
		3C1F31132A2382A200DC07D8 /* Assets.xcassets */ = {isa = PBXFileReference; lastKnownFileType = folder.assetcatalog; path = Assets.xcassets; sourceTree = "<group>"; };
		3C1F31162A2382A200DC07D8 /* Base */ = {isa = PBXFileReference; lastKnownFileType = file.storyboard; name = Base; path = Base.lproj/LaunchScreen.storyboard; sourceTree = "<group>"; };
		3C1F31182A2382A200DC07D8 /* Info.plist */ = {isa = PBXFileReference; lastKnownFileType = text.plist.xml; path = Info.plist; sourceTree = "<group>"; };
		3C1F311D2A2382A200DC07D8 /* Secim2023Tests.xctest */ = {isa = PBXFileReference; explicitFileType = wrapper.cfbundle; includeInIndex = 0; path = Secim2023Tests.xctest; sourceTree = BUILT_PRODUCTS_DIR; };
		3C1F31212A2382A200DC07D8 /* Secim2023Tests.swift */ = {isa = PBXFileReference; lastKnownFileType = sourcecode.swift; path = Secim2023Tests.swift; sourceTree = "<group>"; };
		3C1F31272A2382A200DC07D8 /* Secim2023UITests.xctest */ = {isa = PBXFileReference; explicitFileType = wrapper.cfbundle; includeInIndex = 0; path = Secim2023UITests.xctest; sourceTree = BUILT_PRODUCTS_DIR; };
		3C1F312B2A2382A200DC07D8 /* Secim2023UITests.swift */ = {isa = PBXFileReference; lastKnownFileType = sourcecode.swift; path = Secim2023UITests.swift; sourceTree = "<group>"; };
		3C1F312D2A2382A200DC07D8 /* Secim2023UITestsLaunchTests.swift */ = {isa = PBXFileReference; lastKnownFileType = sourcecode.swift; path = Secim2023UITestsLaunchTests.swift; sourceTree = "<group>"; };
/* End PBXFileReference section */

/* Begin PBXFrameworksBuildPhase section */
		3C1F31012A2382A000DC07D8 /* Frameworks */ = {
			isa = PBXFrameworksBuildPhase;
			buildActionMask = 2147483647;
			files = (
			);
			runOnlyForDeploymentPostprocessing = 0;
		};
		3C1F311A2A2382A200DC07D8 /* Frameworks */ = {
			isa = PBXFrameworksBuildPhase;
			buildActionMask = 2147483647;
			files = (
			);
			runOnlyForDeploymentPostprocessing = 0;
		};
		3C1F31242A2382A200DC07D8 /* Frameworks */ = {
			isa = PBXFrameworksBuildPhase;
			buildActionMask = 2147483647;
			files = (
			);
			runOnlyForDeploymentPostprocessing = 0;
		};
/* End PBXFrameworksBuildPhase section */

/* Begin PBXGroup section */
		3C1F30FB2A2382A000DC07D8 = {
			isa = PBXGroup;
			children = (
				3C1F31062A2382A000DC07D8 /* Secim2023 */,
				3C1F31202A2382A200DC07D8 /* Secim2023Tests */,
				3C1F312A2A2382A200DC07D8 /* Secim2023UITests */,
				3C1F31052A2382A000DC07D8 /* Products */,
			);
			sourceTree = "<group>";
		};
		3C1F31052A2382A000DC07D8 /* Products */ = {
			isa = PBXGroup;
			children = (
				3C1F31042A2382A000DC07D8 /* Secim2023.app */,
				3C1F311D2A2382A200DC07D8 /* Secim2023Tests.xctest */,
				3C1F31272A2382A200DC07D8 /* Secim2023UITests.xctest */,
			);
			name = Products;
			sourceTree = "<group>";
		};
		3C1F31062A2382A000DC07D8 /* Secim2023 */ = {
			isa = PBXGroup;
			children = (
				3C1F31072A2382A000DC07D8 /* AppDelegate.swift */,
				3C1F31092A2382A000DC07D8 /* SceneDelegate.swift */,
				3C1F310B2A2382A000DC07D8 /* ViewController.swift */,
				3C1F310D2A2382A000DC07D8 /* Main.storyboard */,
				3C1F31132A2382A200DC07D8 /* Assets.xcassets */,
				3C1F31152A2382A200DC07D8 /* LaunchScreen.storyboard */,
				3C1F31182A2382A200DC07D8 /* Info.plist */,
			);
			path = Secim2023;
			sourceTree = "<group>";
		};
		3C1F31202A2382A200DC07D8 /* Secim2023Tests */ = {
			isa = PBXGroup;
			children = (
				3C1F31212A2382A200DC07D8 /* Secim2023Tests.swift */,
			);
			path = Secim2023Tests;
			sourceTree = "<group>";
		};
		3C1F312A2A2382A200DC07D8 /* Secim2023UITests */ = {
			isa = PBXGroup;
			children = (
				3C1F312B2A2382A200DC07D8 /* Secim2023UITests.swift */,
				3C1F312D2A2382A200DC07D8 /* Secim2023UITestsLaunchTests.swift */,
			);
			path = Secim2023UITests;
			sourceTree = "<group>";
		};
/* End PBXGroup section */

/* Begin PBXNativeTarget section */
		3C1F31032A2382A000DC07D8 /* Secim2023 */ = {
			isa = PBXNativeTarget;
			buildConfigurationList = 3C1F31312A2382A200DC07D8 /* Build configuration list for PBXNativeTarget "Secim2023" */;
			buildPhases = (
				3C1F31002A2382A000DC07D8 /* Sources */,
				3C1F31012A2382A000DC07D8 /* Frameworks */,
				3C1F31022A2382A000DC07D8 /* Resources */,
			);
			buildRules = (
			);
			dependencies = (
			);
			name = Secim2023;
			productName = Secim2023;
			productReference = 3C1F31042A2382A000DC07D8 /* Secim2023.app */;
			productType = "com.apple.product-type.application";
		};
		3C1F311C2A2382A200DC07D8 /* Secim2023Tests */ = {
			isa = PBXNativeTarget;
			buildConfigurationList = 3C1F31342A2382A200DC07D8 /* Build configuration list for PBXNativeTarget "Secim2023Tests" */;
			buildPhases = (
				3C1F31192A2382A200DC07D8 /* Sources */,
				3C1F311A2A2382A200DC07D8 /* Frameworks */,
				3C1F311B2A2382A200DC07D8 /* Resources */,
			);
			buildRules = (
			);
			dependencies = (
				3C1F311F2A2382A200DC07D8 /* PBXTargetDependency */,
			);
			name = Secim2023Tests;
			productName = Secim2023Tests;
			productReference = 3C1F311D2A2382A200DC07D8 /* Secim2023Tests.xctest */;
			productType = "com.apple.product-type.bundle.unit-test";
		};
		3C1F31262A2382A200DC07D8 /* Secim2023UITests */ = {
			isa = PBXNativeTarget;
			buildConfigurationList = 3C1F31372A2382A200DC07D8 /* Build configuration list for PBXNativeTarget "Secim2023UITests" */;
			buildPhases = (
				3C1F31232A2382A200DC07D8 /* Sources */,
				3C1F31242A2382A200DC07D8 /* Frameworks */,
				3C1F31252A2382A200DC07D8 /* Resources */,
			);
			buildRules = (
			);
			dependencies = (
				3C1F31292A2382A200DC07D8 /* PBXTargetDependency */,
			);
			name = Secim2023UITests;
			productName = Secim2023UITests;
			productReference = 3C1F31272A2382A200DC07D8 /* Secim2023UITests.xctest */;
			productType = "com.apple.product-type.bundle.ui-testing";
		};
/* End PBXNativeTarget section */

/* Begin PBXProject section */
		3C1F30FC2A2382A000DC07D8 /* Project object */ = {
			isa = PBXProject;
			attributes = {
				BuildIndependentTargetsInParallel = 1;
				LastSwiftUpdateCheck = 1430;
				LastUpgradeCheck = 1430;
				TargetAttributes = {
					3C1F31032A2382A000DC07D8 = {
						CreatedOnToolsVersion = 14.3;
					};
					3C1F311C2A2382A200DC07D8 = {
						CreatedOnToolsVersion = 14.3;
						TestTargetID = 3C1F31032A2382A000DC07D8;
					};
					3C1F31262A2382A200DC07D8 = {
						CreatedOnToolsVersion = 14.3;
						TestTargetID = 3C1F31032A2382A000DC07D8;
					};
				};
			};
			buildConfigurationList = 3C1F30FF2A2382A000DC07D8 /* Build configuration list for PBXProject "Secim2023" */;
			compatibilityVersion = "Xcode 14.0";
			developmentRegion = en;
			hasScannedForEncodings = 0;
			knownRegions = (
				en,
				Base,
			);
			mainGroup = 3C1F30FB2A2382A000DC07D8;
			productRefGroup = 3C1F31052A2382A000DC07D8 /* Products */;
			projectDirPath = "";
			projectRoot = "";
			targets = (
				3C1F31032A2382A000DC07D8 /* Secim2023 */,
				3C1F311C2A2382A200DC07D8 /* Secim2023Tests */,
				3C1F31262A2382A200DC07D8 /* Secim2023UITests */,
			);
		};
/* End PBXProject section */

/* Begin PBXResourcesBuildPhase section */
		3C1F31022A2382A000DC07D8 /* Resources */ = {
			isa = PBXResourcesBuildPhase;
			buildActionMask = 2147483647;
			files = (
				3C1F31172A2382A200DC07D8 /* LaunchScreen.storyboard in Resources */,
				3C1F31142A2382A200DC07D8 /* Assets.xcassets in Resources */,
				3C1F310F2A2382A000DC07D8 /* Main.storyboard in Resources */,
			);
			runOnlyForDeploymentPostprocessing = 0;
		};
		3C1F311B2A2382A200DC07D8 /* Resources */ = {
			isa = PBXResourcesBuildPhase;
			buildActionMask = 2147483647;
			files = (
			);
			runOnlyForDeploymentPostprocessing = 0;
		};
		3C1F31252A2382A200DC07D8 /* Resources */ = {
			isa = PBXResourcesBuildPhase;
			buildActionMask = 2147483647;
			files = (
			);
			runOnlyForDeploymentPostprocessing = 0;
		};
/* End PBXResourcesBuildPhase section */

/* Begin PBXSourcesBuildPhase section */
		3C1F31002A2382A000DC07D8 /* Sources */ = {
			isa = PBXSourcesBuildPhase;
			buildActionMask = 2147483647;
			files = (
				3C1F310C2A2382A000DC07D8 /* ViewController.swift in Sources */,
				3C1F31082A2382A000DC07D8 /* AppDelegate.swift in Sources */,
				3C1F310A2A2382A000DC07D8 /* SceneDelegate.swift in Sources */,
			);
			runOnlyForDeploymentPostprocessing = 0;
		};
		3C1F31192A2382A200DC07D8 /* Sources */ = {
			isa = PBXSourcesBuildPhase;
			buildActionMask = 2147483647;
			files = (
				3C1F31222A2382A200DC07D8 /* Secim2023Tests.swift in Sources */,
			);
			runOnlyForDeploymentPostprocessing = 0;
		};
		3C1F31232A2382A200DC07D8 /* Sources */ = {
			isa = PBXSourcesBuildPhase;
			buildActionMask = 2147483647;
			files = (
				3C1F312C2A2382A200DC07D8 /* Secim2023UITests.swift in Sources */,
				3C1F312E2A2382A200DC07D8 /* Secim2023UITestsLaunchTests.swift in Sources */,
			);
			runOnlyForDeploymentPostprocessing = 0;
		};
/* End PBXSourcesBuildPhase section */

/* Begin PBXTargetDependency section */
		3C1F311F2A2382A200DC07D8 /* PBXTargetDependency */ = {
			isa = PBXTargetDependency;
			target = 3C1F31032A2382A000DC07D8 /* Secim2023 */;
			targetProxy = 3C1F311E2A2382A200DC07D8 /* PBXContainerItemProxy */;
		};
		3C1F31292A2382A200DC07D8 /* PBXTargetDependency */ = {
			isa = PBXTargetDependency;
			target = 3C1F31032A2382A000DC07D8 /* Secim2023 */;
			targetProxy = 3C1F31282A2382A200DC07D8 /* PBXContainerItemProxy */;
		};
/* End PBXTargetDependency section */

/* Begin PBXVariantGroup section */
		3C1F310D2A2382A000DC07D8 /* Main.storyboard */ = {
			isa = PBXVariantGroup;
			children = (
				3C1F310E2A2382A000DC07D8 /* Base */,
			);
			name = Main.storyboard;
			sourceTree = "<group>";
		};
		3C1F31152A2382A200DC07D8 /* LaunchScreen.storyboard */ = {
			isa = PBXVariantGroup;
			children = (
				3C1F31162A2382A200DC07D8 /* Base */,
			);
			name = LaunchScreen.storyboard;
			sourceTree = "<group>";
		};
/* End PBXVariantGroup section */

/* Begin XCBuildConfiguration section */
		3C1F312F2A2382A200DC07D8 /* Debug */ = {
			isa = XCBuildConfiguration;
			buildSettings = {
				ALWAYS_SEARCH_USER_PATHS = NO;
				CLANG_ANALYZER_NONNULL = YES;
				CLANG_ANALYZER_NUMBER_OBJECT_CONVERSION = YES_AGGRESSIVE;
				CLANG_CXX_LANGUAGE_STANDARD = "gnu++20";
				CLANG_ENABLE_MODULES = YES;
				CLANG_ENABLE_OBJC_ARC = YES;
				CLANG_ENABLE_OBJC_WEAK = YES;
				CLANG_WARN_BLOCK_CAPTURE_AUTORELEASING = YES;
				CLANG_WARN_BOOL_CONVERSION = YES;
				CLANG_WARN_COMMA = YES;
				CLANG_WARN_CONSTANT_CONVERSION = YES;
				CLANG_WARN_DEPRECATED_OBJC_IMPLEMENTATIONS = YES;
				CLANG_WARN_DIRECT_OBJC_ISA_USAGE = YES_ERROR;
				CLANG_WARN_DOCUMENTATION_COMMENTS = YES;
				CLANG_WARN_EMPTY_BODY = YES;
				CLANG_WARN_ENUM_CONVERSION = YES;
				CLANG_WARN_INFINITE_RECURSION = YES;
				CLANG_WARN_INT_CONVERSION = YES;
				CLANG_WARN_NON_LITERAL_NULL_CONVERSION = YES;
				CLANG_WARN_OBJC_IMPLICIT_RETAIN_SELF = YES;
				CLANG_WARN_OBJC_LITERAL_CONVERSION = YES;
				CLANG_WARN_OBJC_ROOT_CLASS = YES_ERROR;
				CLANG_WARN_QUOTED_INCLUDE_IN_FRAMEWORK_HEADER = YES;
				CLANG_WARN_RANGE_LOOP_ANALYSIS = YES;
				CLANG_WARN_STRICT_PROTOTYPES = YES;
				CLANG_WARN_SUSPICIOUS_MOVE = YES;
				CLANG_WARN_UNGUARDED_AVAILABILITY = YES_AGGRESSIVE;
				CLANG_WARN_UNREACHABLE_CODE = YES;
				CLANG_WARN__DUPLICATE_METHOD_MATCH = YES;
				COPY_PHASE_STRIP = NO;
				DEBUG_INFORMATION_FORMAT = dwarf;
				ENABLE_STRICT_OBJC_MSGSEND = YES;
				ENABLE_TESTABILITY = YES;
				GCC_C_LANGUAGE_STANDARD = gnu11;
				GCC_DYNAMIC_NO_PIC = NO;
				GCC_NO_COMMON_BLOCKS = YES;
				GCC_OPTIMIZATION_LEVEL = 0;
				GCC_PREPROCESSOR_DEFINITIONS = (
					"DEBUG=1",
					"$(inherited)",
				);
				GCC_WARN_64_TO_32_BIT_CONVERSION = YES;
				GCC_WARN_ABOUT_RETURN_TYPE = YES_ERROR;
				GCC_WARN_UNDECLARED_SELECTOR = YES;
				GCC_WARN_UNINITIALIZED_AUTOS = YES_AGGRESSIVE;
				GCC_WARN_UNUSED_FUNCTION = YES;
				GCC_WARN_UNUSED_VARIABLE = YES;
				IPHONEOS_DEPLOYMENT_TARGET = 16.4;
				MTL_ENABLE_DEBUG_INFO = INCLUDE_SOURCE;
				MTL_FAST_MATH = YES;
				ONLY_ACTIVE_ARCH = YES;
				SDKROOT = iphoneos;
				SWIFT_ACTIVE_COMPILATION_CONDITIONS = DEBUG;
				SWIFT_OPTIMIZATION_LEVEL = "-Onone";
			};
			name = Debug;
		};
		3C1F31302A2382A200DC07D8 /* Release */ = {
			isa = XCBuildConfiguration;
			buildSettings = {
				ALWAYS_SEARCH_USER_PATHS = NO;
				CLANG_ANALYZER_NONNULL = YES;
				CLANG_ANALYZER_NUMBER_OBJECT_CONVERSION = YES_AGGRESSIVE;
				CLANG_CXX_LANGUAGE_STANDARD = "gnu++20";
				CLANG_ENABLE_MODULES = YES;
				CLANG_ENABLE_OBJC_ARC = YES;
				CLANG_ENABLE_OBJC_WEAK = YES;
				CLANG_WARN_BLOCK_CAPTURE_AUTORELEASING = YES;
				CLANG_WARN_BOOL_CONVERSION = YES;
				CLANG_WARN_COMMA = YES;
				CLANG_WARN_CONSTANT_CONVERSION = YES;
				CLANG_WARN_DEPRECATED_OBJC_IMPLEMENTATIONS = YES;
				CLANG_WARN_DIRECT_OBJC_ISA_USAGE = YES_ERROR;
				CLANG_WARN_DOCUMENTATION_COMMENTS = YES;
				CLANG_WARN_EMPTY_BODY = YES;
				CLANG_WARN_ENUM_CONVERSION = YES;
				CLANG_WARN_INFINITE_RECURSION = YES;
				CLANG_WARN_INT_CONVERSION = YES;
				CLANG_WARN_NON_LITERAL_NULL_CONVERSION = YES;
				CLANG_WARN_OBJC_IMPLICIT_RETAIN_SELF = YES;
				CLANG_WARN_OBJC_LITERAL_CONVERSION = YES;
				CLANG_WARN_OBJC_ROOT_CLASS = YES_ERROR;
				CLANG_WARN_QUOTED_INCLUDE_IN_FRAMEWORK_HEADER = YES;
				CLANG_WARN_RANGE_LOOP_ANALYSIS = YES;
				CLANG_WARN_STRICT_PROTOTYPES = YES;
				CLANG_WARN_SUSPICIOUS_MOVE = YES;
				CLANG_WARN_UNGUARDED_AVAILABILITY = YES_AGGRESSIVE;
				CLANG_WARN_UNREACHABLE_CODE = YES;
				CLANG_WARN__DUPLICATE_METHOD_MATCH = YES;
				COPY_PHASE_STRIP = NO;
				DEBUG_INFORMATION_FORMAT = "dwarf-with-dsym";
				ENABLE_NS_ASSERTIONS = NO;
				ENABLE_STRICT_OBJC_MSGSEND = YES;
				GCC_C_LANGUAGE_STANDARD = gnu11;
				GCC_NO_COMMON_BLOCKS = YES;
				GCC_WARN_64_TO_32_BIT_CONVERSION = YES;
				GCC_WARN_ABOUT_RETURN_TYPE = YES_ERROR;
				GCC_WARN_UNDECLARED_SELECTOR = YES;
				GCC_WARN_UNINITIALIZED_AUTOS = YES_AGGRESSIVE;
				GCC_WARN_UNUSED_FUNCTION = YES;
				GCC_WARN_UNUSED_VARIABLE = YES;
				IPHONEOS_DEPLOYMENT_TARGET = 16.4;
				MTL_ENABLE_DEBUG_INFO = NO;
				MTL_FAST_MATH = YES;
				SDKROOT = iphoneos;
				SWIFT_COMPILATION_MODE = wholemodule;
				SWIFT_OPTIMIZATION_LEVEL = "-O";
				VALIDATE_PRODUCT = YES;
			};
			name = Release;
		};
		3C1F31322A2382A200DC07D8 /* Debug */ = {
			isa = XCBuildConfiguration;
			buildSettings = {
				ASSETCATALOG_COMPILER_APPICON_NAME = AppIcon;
				ASSETCATALOG_COMPILER_GLOBAL_ACCENT_COLOR_NAME = AccentColor;
				CODE_SIGN_STYLE = Automatic;
				CURRENT_PROJECT_VERSION = 1;
				DEVELOPMENT_TEAM = FSWG4853R4;
				GENERATE_INFOPLIST_FILE = YES;
				INFOPLIST_FILE = Secim2023/Info.plist;
				INFOPLIST_KEY_UIApplicationSupportsIndirectInputEvents = YES;
				INFOPLIST_KEY_UILaunchStoryboardName = LaunchScreen;
				INFOPLIST_KEY_UIMainStoryboardFile = Main;
				INFOPLIST_KEY_UISupportedInterfaceOrientations_iPad = "UIInterfaceOrientationPortrait UIInterfaceOrientationPortraitUpsideDown UIInterfaceOrientationLandscapeLeft UIInterfaceOrientationLandscapeRight";
				INFOPLIST_KEY_UISupportedInterfaceOrientations_iPhone = "UIInterfaceOrientationPortrait UIInterfaceOrientationLandscapeLeft UIInterfaceOrientationLandscapeRight";
				LD_RUNPATH_SEARCH_PATHS = (
					"$(inherited)",
					"@executable_path/Frameworks",
				);
				MARKETING_VERSION = 1.0;
				PRODUCT_BUNDLE_IDENTIFIER = com.kami.Secim2023;
				PRODUCT_NAME = "$(TARGET_NAME)";
				SWIFT_EMIT_LOC_STRINGS = YES;
				SWIFT_VERSION = 5.0;
				TARGETED_DEVICE_FAMILY = "1,2";
			};
			name = Debug;
		};
		3C1F31332A2382A200DC07D8 /* Release */ = {
			isa = XCBuildConfiguration;
			buildSettings = {
				ASSETCATALOG_COMPILER_APPICON_NAME = AppIcon;
				ASSETCATALOG_COMPILER_GLOBAL_ACCENT_COLOR_NAME = AccentColor;
				CODE_SIGN_STYLE = Automatic;
				CURRENT_PROJECT_VERSION = 1;
				DEVELOPMENT_TEAM = FSWG4853R4;
				GENERATE_INFOPLIST_FILE = YES;
				INFOPLIST_FILE = Secim2023/Info.plist;
				INFOPLIST_KEY_UIApplicationSupportsIndirectInputEvents = YES;
				INFOPLIST_KEY_UILaunchStoryboardName = LaunchScreen;
				INFOPLIST_KEY_UIMainStoryboardFile = Main;
				INFOPLIST_KEY_UISupportedInterfaceOrientations_iPad = "UIInterfaceOrientationPortrait UIInterfaceOrientationPortraitUpsideDown UIInterfaceOrientationLandscapeLeft UIInterfaceOrientationLandscapeRight";
				INFOPLIST_KEY_UISupportedInterfaceOrientations_iPhone = "UIInterfaceOrientationPortrait UIInterfaceOrientationLandscapeLeft UIInterfaceOrientationLandscapeRight";
				LD_RUNPATH_SEARCH_PATHS = (
					"$(inherited)",
					"@executable_path/Frameworks",
				);
				MARKETING_VERSION = 1.0;
				PRODUCT_BUNDLE_IDENTIFIER = com.kami.Secim2023;
				PRODUCT_NAME = "$(TARGET_NAME)";
				SWIFT_EMIT_LOC_STRINGS = YES;
				SWIFT_VERSION = 5.0;
				TARGETED_DEVICE_FAMILY = "1,2";
			};
			name = Release;
		};
		3C1F31352A2382A200DC07D8 /* Debug */ = {
			isa = XCBuildConfiguration;
			buildSettings = {
				ALWAYS_EMBED_SWIFT_STANDARD_LIBRARIES = YES;
				BUNDLE_LOADER = "$(TEST_HOST)";
				CODE_SIGN_STYLE = Automatic;
				CURRENT_PROJECT_VERSION = 1;
				DEVELOPMENT_TEAM = FSWG4853R4;
				GENERATE_INFOPLIST_FILE = YES;
				IPHONEOS_DEPLOYMENT_TARGET = 16.4;
				MARKETING_VERSION = 1.0;
				PRODUCT_BUNDLE_IDENTIFIER = com.kami.Secim2023Tests;
				PRODUCT_NAME = "$(TARGET_NAME)";
				SWIFT_EMIT_LOC_STRINGS = NO;
				SWIFT_VERSION = 5.0;
				TARGETED_DEVICE_FAMILY = "1,2";
				TEST_HOST = "$(BUILT_PRODUCTS_DIR)/Secim2023.app/$(BUNDLE_EXECUTABLE_FOLDER_PATH)/Secim2023";
			};
			name = Debug;
		};
		3C1F31362A2382A200DC07D8 /* Release */ = {
			isa = XCBuildConfiguration;
			buildSettings = {
				ALWAYS_EMBED_SWIFT_STANDARD_LIBRARIES = YES;
				BUNDLE_LOADER = "$(TEST_HOST)";
				CODE_SIGN_STYLE = Automatic;
				CURRENT_PROJECT_VERSION = 1;
				DEVELOPMENT_TEAM = FSWG4853R4;
				GENERATE_INFOPLIST_FILE = YES;
				IPHONEOS_DEPLOYMENT_TARGET = 16.4;
				MARKETING_VERSION = 1.0;
				PRODUCT_BUNDLE_IDENTIFIER = com.kami.Secim2023Tests;
				PRODUCT_NAME = "$(TARGET_NAME)";
				SWIFT_EMIT_LOC_STRINGS = NO;
				SWIFT_VERSION = 5.0;
				TARGETED_DEVICE_FAMILY = "1,2";
				TEST_HOST = "$(BUILT_PRODUCTS_DIR)/Secim2023.app/$(BUNDLE_EXECUTABLE_FOLDER_PATH)/Secim2023";
			};
			name = Release;
		};
		3C1F31382A2382A200DC07D8 /* Debug */ = {
			isa = XCBuildConfiguration;
			buildSettings = {
				ALWAYS_EMBED_SWIFT_STANDARD_LIBRARIES = YES;
				CODE_SIGN_STYLE = Automatic;
				CURRENT_PROJECT_VERSION = 1;
				DEVELOPMENT_TEAM = FSWG4853R4;
				GENERATE_INFOPLIST_FILE = YES;
				MARKETING_VERSION = 1.0;
				PRODUCT_BUNDLE_IDENTIFIER = com.kami.Secim2023UITests;
				PRODUCT_NAME = "$(TARGET_NAME)";
				SWIFT_EMIT_LOC_STRINGS = NO;
				SWIFT_VERSION = 5.0;
				TARGETED_DEVICE_FAMILY = "1,2";
				TEST_TARGET_NAME = Secim2023;
			};
			name = Debug;
		};
		3C1F31392A2382A200DC07D8 /* Release */ = {
			isa = XCBuildConfiguration;
			buildSettings = {
				ALWAYS_EMBED_SWIFT_STANDARD_LIBRARIES = YES;
				CODE_SIGN_STYLE = Automatic;
				CURRENT_PROJECT_VERSION = 1;
				DEVELOPMENT_TEAM = FSWG4853R4;
				GENERATE_INFOPLIST_FILE = YES;
				MARKETING_VERSION = 1.0;
				PRODUCT_BUNDLE_IDENTIFIER = com.kami.Secim2023UITests;
				PRODUCT_NAME = "$(TARGET_NAME)";
				SWIFT_EMIT_LOC_STRINGS = NO;
				SWIFT_VERSION = 5.0;
				TARGETED_DEVICE_FAMILY = "1,2";
				TEST_TARGET_NAME = Secim2023;
			};
			name = Release;
		};
/* End XCBuildConfiguration section */

/* Begin XCConfigurationList section */
		3C1F30FF2A2382A000DC07D8 /* Build configuration list for PBXProject "Secim2023" */ = {
			isa = XCConfigurationList;
			buildConfigurations = (
				3C1F312F2A2382A200DC07D8 /* Debug */,
				3C1F31302A2382A200DC07D8 /* Release */,
			);
			defaultConfigurationIsVisible = 0;
			defaultConfigurationName = Release;
		};
		3C1F31312A2382A200DC07D8 /* Build configuration list for PBXNativeTarget "Secim2023" */ = {
			isa = XCConfigurationList;
			buildConfigurations = (
				3C1F31322A2382A200DC07D8 /* Debug */,
				3C1F31332A2382A200DC07D8 /* Release */,
			);
			defaultConfigurationIsVisible = 0;
			defaultConfigurationName = Release;
		};
		3C1F31342A2382A200DC07D8 /* Build configuration list for PBXNativeTarget "Secim2023Tests" */ = {
			isa = XCConfigurationList;
			buildConfigurations = (
				3C1F31352A2382A200DC07D8 /* Debug */,
				3C1F31362A2382A200DC07D8 /* Release */,
			);
			defaultConfigurationIsVisible = 0;
			defaultConfigurationName = Release;
		};
		3C1F31372A2382A200DC07D8 /* Build configuration list for PBXNativeTarget "Secim2023UITests" */ = {
			isa = XCConfigurationList;
			buildConfigurations = (
				3C1F31382A2382A200DC07D8 /* Debug */,
				3C1F31392A2382A200DC07D8 /* Release */,
			);
			defaultConfigurationIsVisible = 0;
			defaultConfigurationName = Release;
		};
/* End XCConfigurationList section */
	};
	rootObject = 3C1F30FC2A2382A000DC07D8 /* Project object */;
}
